
Microsoft Visual Studio Solution File, Format Version 12.00
# Visual Studio Version 17
VisualStudioVersion = 17.3.32929.385
MinimumVisualStudioVersion = 10.0.40219.1
Project("{8BC9CEB8-8B4A-11D0-8D11-00A0C91BC942}") = "practice", "practice\practice.vcxproj", "{C9786FA8-5595-4E1F-A526-FDBD2ABA435B}"
EndProject
Global
	GlobalSection(SolutionConfigurationPlatforms) = preSolution
		Debug|x64 = Debug|x64
		Debug|x86 = Debug|x86
		Release|x64 = Release|x64
		Release|x86 = Release|x86
	EndGlobalSection
	GlobalSection(ProjectConfigurationPlatforms) = postSolution
		{C9786FA8-5595-4E1F-A526-FDBD2ABA435B}.Debug|x64.ActiveCfg = Debug|x64
		{C9786FA8-5595-4E1F-A526-FDBD2ABA435B}.Debug|x64.Build.0 = Debug|x64
		{C9786FA8-5595-4E1F-A526-FDBD2ABA435B}.Debug|x86.ActiveCfg = Debug|Win32
		{C9786FA8-5595-4E1F-A526-FDBD2ABA435B}.Debug|x86.Build.0 = Debug|Win32
		{C9786FA8-5595-4E1F-A526-FDBD2ABA435B}.Release|x64.ActiveCfg = Release|x64
		{C9786FA8-5595-4E1F-A526-FDBD2ABA435B}.Release|x64.Build.0 = Release|x64
		{C9786FA8-5595-4E1F-A526-FDBD2ABA435B}.Release|x86.ActiveCfg = Release|Win32
		{C9786FA8-5595-4E1F-A526-FDBD2ABA435B}.Release|x86.Build.0 = Release|Win32
	EndGlobalSection
	GlobalSection(SolutionProperties) = preSolution
		HideSolutionNode = FALSE
	EndGlobalSection
	GlobalSection(ExtensibilityGlobals) = postSolution
		SolutionGuid = {4227B437-D914-471D-B1E1-F30C7D746FB2}
	EndGlobalSection
EndGlobal
